
Microsoft Visual Studio Solution File, Format Version 12.00
# Visual Studio Version 17
VisualStudioVersion = 17.5.33502.453
MinimumVisualStudioVersion = 10.0.40219.1
Project("{9A19103F-16F7-4668-BE54-9A1E7A4F7556}") = "CRUDwithWebAPI", "CRUDwithWebAPI\CRUDwithWebAPI.csproj", "{36AD661A-D212-4FE5-88B5-2AA03C38501A}"
EndProject
Project("{FAE04EC0-301F-11D3-BF4B-00C04F79EFBC}") = "ConsumeAPI", "ConsumeAPI\ConsumeAPI.csproj", "{C73D38C4-2BF8-459D-BA22-7FB688DDE8E9}"
EndProject
Global
	GlobalSection(SolutionConfigurationPlatforms) = preSolution
		Debug|Any CPU = Debug|Any CPU
		Release|Any CPU = Release|Any CPU
	EndGlobalSection
	GlobalSection(ProjectConfigurationPlatforms) = postSolution
		{36AD661A-D212-4FE5-88B5-2AA03C38501A}.Debug|Any CPU.ActiveCfg = Debug|Any CPU
		{36AD661A-D212-4FE5-88B5-2AA03C38501A}.Debug|Any CPU.Build.0 = Debug|Any CPU
		{36AD661A-D212-4FE5-88B5-2AA03C38501A}.Release|Any CPU.ActiveCfg = Release|Any CPU
		{36AD661A-D212-4FE5-88B5-2AA03C38501A}.Release|Any CPU.Build.0 = Release|Any CPU
		{C73D38C4-2BF8-459D-BA22-7FB688DDE8E9}.Debug|Any CPU.ActiveCfg = Debug|Any CPU
		{C73D38C4-2BF8-459D-BA22-7FB688DDE8E9}.Debug|Any CPU.Build.0 = Debug|Any CPU
		{C73D38C4-2BF8-459D-BA22-7FB688DDE8E9}.Release|Any CPU.ActiveCfg = Release|Any CPU
		{C73D38C4-2BF8-459D-BA22-7FB688DDE8E9}.Release|Any CPU.Build.0 = Release|Any CPU
	EndGlobalSection
	GlobalSection(SolutionProperties) = preSolution
		HideSolutionNode = FALSE
	EndGlobalSection
	GlobalSection(ExtensibilityGlobals) = postSolution
		SolutionGuid = {F3970648-94A3-4523-8C93-78EB0F2D7844}
	EndGlobalSection
EndGlobal
